lockfileVersion: '9.0'

settings:
  autoInstallPeers: true
  excludeLinksFromLockfile: false

importers:

  .: {}

  apps/console: {}

  apps/console-e2e: {}

  libs/dispatch-contracts: {}

  libs/env-vars: {}

  libs/logging:
    dependencies:
      '@agent-lcars/env':
        specifier: workspace:*
        version: link:../env-vars

  libs/orchestrator: {}

  libs/telemetry:
    dependencies:
      '@agent-lcars/util':
        specifier: workspace:*
        version: link:../util
      '@agent-lcars/util-server':
        specifier: workspace:*
        version: link:../util-server

  libs/util: {}

  libs/util-server:
    dependencies:
      '@agent-lcars/env':
        specifier: workspace:*
        version: link:../env-vars
      '@agent-lcars/util':
        specifier: workspace:*
        version: link:../util

  libs/work: {}

  packages/fleet-tools: {}
